
Microsoft Visual Studio Solution File, Format Version 12.00
# Visual Studio Version 16
VisualStudioVersion = 16.0.29806.167
MinimumVisualStudioVersion = 10.0.40219.1
Project("{FAE04EC0-301F-11D3-BF4B-00C04F79EFBC}") = "Lab 3 sem4", "Lab 3 sem4\Lab 3 sem4.csproj", "{1C1078C1-CF54-49B8-A5C8-137FB356D4DD}"
EndProject
Global
	GlobalSection(SolutionConfigurationPlatforms) = preSolution
		Debug|Any CPU = Debug|Any CPU
		Release|Any CPU = Release|Any CPU
	EndGlobalSection
	GlobalSection(ProjectConfigurationPlatforms) = postSolution
		{1C1078C1-CF54-49B8-A5C8-137FB356D4DD}.Debug|Any CPU.ActiveCfg = Debug|Any CPU
		{1C1078C1-CF54-49B8-A5C8-137FB356D4DD}.Debug|Any CPU.Build.0 = Debug|Any CPU
		{1C1078C1-CF54-49B8-A5C8-137FB356D4DD}.Release|Any CPU.ActiveCfg = Release|Any CPU
		{1C1078C1-CF54-49B8-A5C8-137FB356D4DD}.Release|Any CPU.Build.0 = Release|Any CPU
	EndGlobalSection
	GlobalSection(SolutionProperties) = preSolution
		HideSolutionNode = FALSE
	EndGlobalSection
	GlobalSection(ExtensibilityGlobals) = postSolution
		SolutionGuid = {CEBA109C-BF42-4986-A43D-800EE63B652B}
	EndGlobalSection
EndGlobal
