
Microsoft Visual Studio Solution File, Format Version 12.00
# Visual Studio 15
VisualStudioVersion = 15.0.28010.2019
MinimumVisualStudioVersion = 10.0.40219.1
Project("{FAE04EC0-301F-11D3-BF4B-00C04F79EFBC}") = "Lab3", "ConsoleApp1\Lab3.csproj", "{181002B1-3101-46FC-8DF1-3FBB5F012071}"
EndProject
Project("{FAE04EC0-301F-11D3-BF4B-00C04F79EFBC}") = "Lab3dodatk", "..\lab3dodatk\ChessKing1\Lab3dodatk.csproj", "{161CB44B-D7B4-4D50-8ED5-6E61D084CB39}"
EndProject
Project("{FAE04EC0-301F-11D3-BF4B-00C04F79EFBC}") = "Lab3dodatk2", "..\Lab3dodatk2\Chess\Lab3dodatk2.csproj", "{D7399C7F-AA88-4D9A-AE53-A16B6E9412BF}"
EndProject
Project("{FAE04EC0-301F-11D3-BF4B-00C04F79EFBC}") = "Lab4", "..\Lab4\Task 2\Lab4.csproj", "{48D7C6B2-D9A5-428D-AC5A-35D966CF27A4}"
EndProject
Project("{FAE04EC0-301F-11D3-BF4B-00C04F79EFBC}") = "Lab4dodatk", "..\Lab4dodatk\Dodatk2\Lab4dodatk.csproj", "{FD8C0EE9-3234-4059-BED1-9F0FFB559804}"
EndProject
Project("{FAE04EC0-301F-11D3-BF4B-00C04F79EFBC}") = "lab5", "..\Lab5\Array2\lab5.csproj", "{43D28424-3A32-4E09-BA40-C0C497886D1C}"
EndProject
Project("{FAE04EC0-301F-11D3-BF4B-00C04F79EFBC}") = "Lab5dodatk", "..\Lab5dodatk\Array2dodatk\Lab5dodatk.csproj", "{496C4884-2AFE-4ABE-9FFF-33FF3ADB60E1}"
EndProject
Project("{FAE04EC0-301F-11D3-BF4B-00C04F79EFBC}") = "lab6", "..\Lab6\ArrayList\lab6.csproj", "{69F5D4EF-053B-4750-957F-9ED1F457BC41}"
EndProject
Project("{FAE04EC0-301F-11D3-BF4B-00C04F79EFBC}") = "lab7 task 1-4", "..\Lab7\1-4\WorkWithMethod\lab7 task 1-4.csproj", "{3175B5A9-2B8F-4FC5-A3D0-B76797FD2741}"
EndProject
Project("{FAE04EC0-301F-11D3-BF4B-00C04F79EFBC}") = "lab 7 task 5", "..\Lab7\5\WorkWithMethod2\lab 7 task 5.csproj", "{52E5F158-DDFB-426A-90BA-377A16398AF7}"
EndProject
Project("{FAE04EC0-301F-11D3-BF4B-00C04F79EFBC}") = "Lab7 task 6", "..\Lab7\6\MwthodOverload\Lab7 task 6.csproj", "{8D52ABE4-FB52-478F-AA37-C98428EE8BDC}"
EndProject
Project("{FAE04EC0-301F-11D3-BF4B-00C04F79EFBC}") = "lab 7 task 7-8", "..\Lab7\7-8\ReturnArr\lab 7 task 7-8.csproj", "{DB0A75C7-E2A4-400A-9D10-AC85EFF23694}"
EndProject
Project("{FAE04EC0-301F-11D3-BF4B-00C04F79EFBC}") = "Lab 8 part 1", "..\Lab 8 part 1\Lab 8 part 1\Lab 8 part 1.csproj", "{95DE39B6-DDE7-4862-AD2B-8F2ADBFC7702}"
EndProject
Project("{FAE04EC0-301F-11D3-BF4B-00C04F79EFBC}") = "Lab 8 part 2", "..\Lab 8 part 2\Lab 8 part 2\Lab 8 part 2.csproj", "{3F423873-0B73-4285-A30C-13D0BB1FA94F}"
EndProject
Project("{FAE04EC0-301F-11D3-BF4B-00C04F79EFBC}") = "Lab9", "..\Lab9\Lab9\Lab9.csproj", "{F7DC05EB-3059-4512-86C3-0FC884FB062E}"
EndProject
Project("{FAE04EC0-301F-11D3-BF4B-00C04F79EFBC}") = "Lab10", "..\Lab10\Lab10\Lab10.csproj", "{FC72BF40-E26A-468E-9878-555DCB7C875E}"
EndProject
Global
	GlobalSection(SolutionConfigurationPlatforms) = preSolution
		Debug|Any CPU = Debug|Any CPU
		Release|Any CPU = Release|Any CPU
	EndGlobalSection
	GlobalSection(ProjectConfigurationPlatforms) = postSolution
		{181002B1-3101-46FC-8DF1-3FBB5F012071}.Debug|Any CPU.ActiveCfg = Debug|Any CPU
		{181002B1-3101-46FC-8DF1-3FBB5F012071}.Debug|Any CPU.Build.0 = Debug|Any CPU
		{181002B1-3101-46FC-8DF1-3FBB5F012071}.Release|Any CPU.ActiveCfg = Release|Any CPU
		{181002B1-3101-46FC-8DF1-3FBB5F012071}.Release|Any CPU.Build.0 = Release|Any CPU
		{161CB44B-D7B4-4D50-8ED5-6E61D084CB39}.Debug|Any CPU.ActiveCfg = Debug|Any CPU
		{161CB44B-D7B4-4D50-8ED5-6E61D084CB39}.Debug|Any CPU.Build.0 = Debug|Any CPU
		{161CB44B-D7B4-4D50-8ED5-6E61D084CB39}.Release|Any CPU.ActiveCfg = Release|Any CPU
		{161CB44B-D7B4-4D50-8ED5-6E61D084CB39}.Release|Any CPU.Build.0 = Release|Any CPU
		{D7399C7F-AA88-4D9A-AE53-A16B6E9412BF}.Debug|Any CPU.ActiveCfg = Debug|Any CPU
		{D7399C7F-AA88-4D9A-AE53-A16B6E9412BF}.Debug|Any CPU.Build.0 = Debug|Any CPU
		{D7399C7F-AA88-4D9A-AE53-A16B6E9412BF}.Release|Any CPU.ActiveCfg = Release|Any CPU
		{D7399C7F-AA88-4D9A-AE53-A16B6E9412BF}.Release|Any CPU.Build.0 = Release|Any CPU
		{48D7C6B2-D9A5-428D-AC5A-35D966CF27A4}.Debug|Any CPU.ActiveCfg = Debug|Any CPU
		{48D7C6B2-D9A5-428D-AC5A-35D966CF27A4}.Debug|Any CPU.Build.0 = Debug|Any CPU
		{48D7C6B2-D9A5-428D-AC5A-35D966CF27A4}.Release|Any CPU.ActiveCfg = Release|Any CPU
		{48D7C6B2-D9A5-428D-AC5A-35D966CF27A4}.Release|Any CPU.Build.0 = Release|Any CPU
		{FD8C0EE9-3234-4059-BED1-9F0FFB559804}.Debug|Any CPU.ActiveCfg = Debug|Any CPU
		{FD8C0EE9-3234-4059-BED1-9F0FFB559804}.Debug|Any CPU.Build.0 = Debug|Any CPU
		{FD8C0EE9-3234-4059-BED1-9F0FFB559804}.Release|Any CPU.ActiveCfg = Release|Any CPU
		{FD8C0EE9-3234-4059-BED1-9F0FFB559804}.Release|Any CPU.Build.0 = Release|Any CPU
		{43D28424-3A32-4E09-BA40-C0C497886D1C}.Debug|Any CPU.ActiveCfg = Debug|Any CPU
		{43D28424-3A32-4E09-BA40-C0C497886D1C}.Debug|Any CPU.Build.0 = Debug|Any CPU
		{43D28424-3A32-4E09-BA40-C0C497886D1C}.Release|Any CPU.ActiveCfg = Release|Any CPU
		{43D28424-3A32-4E09-BA40-C0C497886D1C}.Release|Any CPU.Build.0 = Release|Any CPU
		{496C4884-2AFE-4ABE-9FFF-33FF3ADB60E1}.Debug|Any CPU.ActiveCfg = Debug|Any CPU
		{496C4884-2AFE-4ABE-9FFF-33FF3ADB60E1}.Debug|Any CPU.Build.0 = Debug|Any CPU
		{496C4884-2AFE-4ABE-9FFF-33FF3ADB60E1}.Release|Any CPU.ActiveCfg = Release|Any CPU
		{496C4884-2AFE-4ABE-9FFF-33FF3ADB60E1}.Release|Any CPU.Build.0 = Release|Any CPU
		{69F5D4EF-053B-4750-957F-9ED1F457BC41}.Debug|Any CPU.ActiveCfg = Debug|Any CPU
		{69F5D4EF-053B-4750-957F-9ED1F457BC41}.Debug|Any CPU.Build.0 = Debug|Any CPU
		{69F5D4EF-053B-4750-957F-9ED1F457BC41}.Release|Any CPU.ActiveCfg = Release|Any CPU
		{69F5D4EF-053B-4750-957F-9ED1F457BC41}.Release|Any CPU.Build.0 = Release|Any CPU
		{3175B5A9-2B8F-4FC5-A3D0-B76797FD2741}.Debug|Any CPU.ActiveCfg = Debug|Any CPU
		{3175B5A9-2B8F-4FC5-A3D0-B76797FD2741}.Debug|Any CPU.Build.0 = Debug|Any CPU
		{3175B5A9-2B8F-4FC5-A3D0-B76797FD2741}.Release|Any CPU.ActiveCfg = Release|Any CPU
		{3175B5A9-2B8F-4FC5-A3D0-B76797FD2741}.Release|Any CPU.Build.0 = Release|Any CPU
		{52E5F158-DDFB-426A-90BA-377A16398AF7}.Debug|Any CPU.ActiveCfg = Debug|Any CPU
		{52E5F158-DDFB-426A-90BA-377A16398AF7}.Debug|Any CPU.Build.0 = Debug|Any CPU
		{52E5F158-DDFB-426A-90BA-377A16398AF7}.Release|Any CPU.ActiveCfg = Release|Any CPU
		{52E5F158-DDFB-426A-90BA-377A16398AF7}.Release|Any CPU.Build.0 = Release|Any CPU
		{8D52ABE4-FB52-478F-AA37-C98428EE8BDC}.Debug|Any CPU.ActiveCfg = Debug|Any CPU
		{8D52ABE4-FB52-478F-AA37-C98428EE8BDC}.Debug|Any CPU.Build.0 = Debug|Any CPU
		{8D52ABE4-FB52-478F-AA37-C98428EE8BDC}.Release|Any CPU.ActiveCfg = Release|Any CPU
		{8D52ABE4-FB52-478F-AA37-C98428EE8BDC}.Release|Any CPU.Build.0 = Release|Any CPU
		{DB0A75C7-E2A4-400A-9D10-AC85EFF23694}.Debug|Any CPU.ActiveCfg = Debug|Any CPU
		{DB0A75C7-E2A4-400A-9D10-AC85EFF23694}.Debug|Any CPU.Build.0 = Debug|Any CPU
		{DB0A75C7-E2A4-400A-9D10-AC85EFF23694}.Release|Any CPU.ActiveCfg = Release|Any CPU
		{DB0A75C7-E2A4-400A-9D10-AC85EFF23694}.Release|Any CPU.Build.0 = Release|Any CPU
		{95DE39B6-DDE7-4862-AD2B-8F2ADBFC7702}.Debug|Any CPU.ActiveCfg = Debug|Any CPU
		{95DE39B6-DDE7-4862-AD2B-8F2ADBFC7702}.Debug|Any CPU.Build.0 = Debug|Any CPU
		{95DE39B6-DDE7-4862-AD2B-8F2ADBFC7702}.Release|Any CPU.ActiveCfg = Release|Any CPU
		{95DE39B6-DDE7-4862-AD2B-8F2ADBFC7702}.Release|Any CPU.Build.0 = Release|Any CPU
		{3F423873-0B73-4285-A30C-13D0BB1FA94F}.Debug|Any CPU.ActiveCfg = Debug|Any CPU
		{3F423873-0B73-4285-A30C-13D0BB1FA94F}.Debug|Any CPU.Build.0 = Debug|Any CPU
		{3F423873-0B73-4285-A30C-13D0BB1FA94F}.Release|Any CPU.ActiveCfg = Release|Any CPU
		{3F423873-0B73-4285-A30C-13D0BB1FA94F}.Release|Any CPU.Build.0 = Release|Any CPU
		{F7DC05EB-3059-4512-86C3-0FC884FB062E}.Debug|Any CPU.ActiveCfg = Debug|Any CPU
		{F7DC05EB-3059-4512-86C3-0FC884FB062E}.Debug|Any CPU.Build.0 = Debug|Any CPU
		{F7DC05EB-3059-4512-86C3-0FC884FB062E}.Release|Any CPU.ActiveCfg = Release|Any CPU
		{F7DC05EB-3059-4512-86C3-0FC884FB062E}.Release|Any CPU.Build.0 = Release|Any CPU
		{FC72BF40-E26A-468E-9878-555DCB7C875E}.Debug|Any CPU.ActiveCfg = Debug|Any CPU
		{FC72BF40-E26A-468E-9878-555DCB7C875E}.Debug|Any CPU.Build.0 = Debug|Any CPU
		{FC72BF40-E26A-468E-9878-555DCB7C875E}.Release|Any CPU.ActiveCfg = Release|Any CPU
		{FC72BF40-E26A-468E-9878-555DCB7C875E}.Release|Any CPU.Build.0 = Release|Any CPU
	EndGlobalSection
	GlobalSection(SolutionProperties) = preSolution
		HideSolutionNode = FALSE
	EndGlobalSection
	GlobalSection(ExtensibilityGlobals) = postSolution
		SolutionGuid = {B90CDF25-6ED1-4EE9-A615-C2F044F84A8E}
	EndGlobalSection
EndGlobal
