
Microsoft Visual Studio Solution File, Format Version 12.00
# Visual Studio 15
VisualStudioVersion = 15.0.28010.2019
MinimumVisualStudioVersion = 10.0.40219.1
Project("{FAE04EC0-301F-11D3-BF4B-00C04F79EFBC}") = "Task 2", "Task 2\Task 2.csproj", "{48D7C6B2-D9A5-428D-AC5A-35D966CF27A4}"
EndProject
Global
	GlobalSection(SolutionConfigurationPlatforms) = preSolution
		Debug|Any CPU = Debug|Any CPU
		Release|Any CPU = Release|Any CPU
	EndGlobalSection
	GlobalSection(ProjectConfigurationPlatforms) = postSolution
		{48D7C6B2-D9A5-428D-AC5A-35D966CF27A4}.Debug|Any CPU.ActiveCfg = Debug|Any CPU
		{48D7C6B2-D9A5-428D-AC5A-35D966CF27A4}.Debug|Any CPU.Build.0 = Debug|Any CPU
		{48D7C6B2-D9A5-428D-AC5A-35D966CF27A4}.Release|Any CPU.ActiveCfg = Release|Any CPU
		{48D7C6B2-D9A5-428D-AC5A-35D966CF27A4}.Release|Any CPU.Build.0 = Release|Any CPU
	EndGlobalSection
	GlobalSection(SolutionProperties) = preSolution
		HideSolutionNode = FALSE
	EndGlobalSection
	GlobalSection(ExtensibilityGlobals) = postSolution
		SolutionGuid = {67D1A866-F3F5-4ECF-A79B-EBF2080792A0}
	EndGlobalSection
EndGlobal
