
Microsoft Visual Studio Solution File, Format Version 12.00
# Visual Studio 15
VisualStudioVersion = 15.0.28010.2019
MinimumVisualStudioVersion = 10.0.40219.1
Project("{FAE04EC0-301F-11D3-BF4B-00C04F79EFBC}") = "MwthodOverload", "MwthodOverload\MwthodOverload.csproj", "{8D52ABE4-FB52-478F-AA37-C98428EE8BDC}"
EndProject
Global
	GlobalSection(SolutionConfigurationPlatforms) = preSolution
		Debug|Any CPU = Debug|Any CPU
		Release|Any CPU = Release|Any CPU
	EndGlobalSection
	GlobalSection(ProjectConfigurationPlatforms) = postSolution
		{8D52ABE4-FB52-478F-AA37-C98428EE8BDC}.Debug|Any CPU.ActiveCfg = Debug|Any CPU
		{8D52ABE4-FB52-478F-AA37-C98428EE8BDC}.Debug|Any CPU.Build.0 = Debug|Any CPU
		{8D52ABE4-FB52-478F-AA37-C98428EE8BDC}.Release|Any CPU.ActiveCfg = Release|Any CPU
		{8D52ABE4-FB52-478F-AA37-C98428EE8BDC}.Release|Any CPU.Build.0 = Release|Any CPU
	EndGlobalSection
	GlobalSection(SolutionProperties) = preSolution
		HideSolutionNode = FALSE
	EndGlobalSection
	GlobalSection(ExtensibilityGlobals) = postSolution
		SolutionGuid = {13E018F3-4E45-4226-B87A-BC822127FECD}
	EndGlobalSection
EndGlobal
